
Microsoft Visual Studio Solution File, Format Version 12.00
# Visual Studio Version 17
VisualStudioVersion = 17.7.34031.279
MinimumVisualStudioVersion = 10.0.40219.1
Project("{FAE04EC0-301F-11D3-BF4B-00C04F79EFBC}") = "practica_sem5_01", "practica_sem5_01\practica_sem5_01.csproj", "{A6626B68-DDF2-4877-BD41-8F90FF77DB6B}"
EndProject
Global
	GlobalSection(SolutionConfigurationPlatforms) = preSolution
		Debug|Any CPU = Debug|Any CPU
		Release|Any CPU = Release|Any CPU
	EndGlobalSection
	GlobalSection(ProjectConfigurationPlatforms) = postSolution
		{A6626B68-DDF2-4877-BD41-8F90FF77DB6B}.Debug|Any CPU.ActiveCfg = Debug|Any CPU
		{A6626B68-DDF2-4877-BD41-8F90FF77DB6B}.Debug|Any CPU.Build.0 = Debug|Any CPU
		{A6626B68-DDF2-4877-BD41-8F90FF77DB6B}.Release|Any CPU.ActiveCfg = Release|Any CPU
		{A6626B68-DDF2-4877-BD41-8F90FF77DB6B}.Release|Any CPU.Build.0 = Release|Any CPU
	EndGlobalSection
	GlobalSection(SolutionProperties) = preSolution
		HideSolutionNode = FALSE
	EndGlobalSection
	GlobalSection(ExtensibilityGlobals) = postSolution
		SolutionGuid = {9EB96F38-A6E5-4F76-9AC5-401BB3D6D13E}
	EndGlobalSection
EndGlobal
